
Microsoft Visual Studio Solution File, Format Version 12.00
# Visual Studio Version 17
VisualStudioVersion = 17.0.32112.339
MinimumVisualStudioVersion = 10.0.40219.1
Project("{FAE04EC0-301F-11D3-BF4B-00C04F79EFBC}") = "CleanArchitecture.Api", "CleanArchitecture.Api\CleanArchitecture.Api.csproj", "{219844F8-B1FD-4624-8B8B-6C24D22DDEF7}"
EndProject
Project("{FAE04EC0-301F-11D3-BF4B-00C04F79EFBC}") = "CleanArchitecture.Core", "CleanArchitecture.Core\CleanArchitecture.Core.csproj", "{FE51E8D0-AE42-496D-BA0E-017545CDDC48}"
EndProject
Project("{FAE04EC0-301F-11D3-BF4B-00C04F79EFBC}") = "CleanArchitecture.Application", "CleanArchitecture.Application\CleanArchitecture.Application.csproj", "{56BB98B1-3C38-4C0E-8745-E84D6CBEB4FE}"
EndProject
Project("{FAE04EC0-301F-11D3-BF4B-00C04F79EFBC}") = "CleanArchitecture.Infrastructure", "CleanArchitecture.Infrastructure\CleanArchitecture.Infrastructure.csproj", "{8B0F5587-4FCC-4D63-A83B-6954B61A4D0A}"
EndProject
Global
	GlobalSection(SolutionConfigurationPlatforms) = preSolution
		Debug|Any CPU = Debug|Any CPU
		Release|Any CPU = Release|Any CPU
	EndGlobalSection
	GlobalSection(ProjectConfigurationPlatforms) = postSolution
		{219844F8-B1FD-4624-8B8B-6C24D22DDEF7}.Debug|Any CPU.ActiveCfg = Debug|Any CPU
		{219844F8-B1FD-4624-8B8B-6C24D22DDEF7}.Debug|Any CPU.Build.0 = Debug|Any CPU
		{219844F8-B1FD-4624-8B8B-6C24D22DDEF7}.Release|Any CPU.ActiveCfg = Release|Any CPU
		{219844F8-B1FD-4624-8B8B-6C24D22DDEF7}.Release|Any CPU.Build.0 = Release|Any CPU
		{FE51E8D0-AE42-496D-BA0E-017545CDDC48}.Debug|Any CPU.ActiveCfg = Debug|Any CPU
		{FE51E8D0-AE42-496D-BA0E-017545CDDC48}.Debug|Any CPU.Build.0 = Debug|Any CPU
		{FE51E8D0-AE42-496D-BA0E-017545CDDC48}.Release|Any CPU.ActiveCfg = Release|Any CPU
		{FE51E8D0-AE42-496D-BA0E-017545CDDC48}.Release|Any CPU.Build.0 = Release|Any CPU
		{56BB98B1-3C38-4C0E-8745-E84D6CBEB4FE}.Debug|Any CPU.ActiveCfg = Debug|Any CPU
		{56BB98B1-3C38-4C0E-8745-E84D6CBEB4FE}.Debug|Any CPU.Build.0 = Debug|Any CPU
		{56BB98B1-3C38-4C0E-8745-E84D6CBEB4FE}.Release|Any CPU.ActiveCfg = Release|Any CPU
		{56BB98B1-3C38-4C0E-8745-E84D6CBEB4FE}.Release|Any CPU.Build.0 = Release|Any CPU
		{8B0F5587-4FCC-4D63-A83B-6954B61A4D0A}.Debug|Any CPU.ActiveCfg = Debug|Any CPU
		{8B0F5587-4FCC-4D63-A83B-6954B61A4D0A}.Debug|Any CPU.Build.0 = Debug|Any CPU
		{8B0F5587-4FCC-4D63-A83B-6954B61A4D0A}.Release|Any CPU.ActiveCfg = Release|Any CPU
		{8B0F5587-4FCC-4D63-A83B-6954B61A4D0A}.Release|Any CPU.Build.0 = Release|Any CPU
	EndGlobalSection
	GlobalSection(SolutionProperties) = preSolution
		HideSolutionNode = FALSE
	EndGlobalSection
	GlobalSection(ExtensibilityGlobals) = postSolution
		SolutionGuid = {D1CF8868-BC4B-435A-B08E-D98963E6A4B5}
	EndGlobalSection
EndGlobal
